
Microsoft Visual Studio Solution File, Format Version 12.00
# Visual Studio Version 17
VisualStudioVersion = 17.4.33213.308
MinimumVisualStudioVersion = 10.0.40219.1
Project("{FAE04EC0-301F-11D3-BF4B-00C04F79EFBC}") = "KnightsTour", "KnightsTour\KnightsTour.csproj", "{D768507C-FBBE-4445-99E8-24C35711FEC3}"
EndProject
Global
	GlobalSection(SolutionConfigurationPlatforms) = preSolution
		Debug|Any CPU = Debug|Any CPU
		Release|Any CPU = Release|Any CPU
	EndGlobalSection
	GlobalSection(ProjectConfigurationPlatforms) = postSolution
		{D768507C-FBBE-4445-99E8-24C35711FEC3}.Debug|Any CPU.ActiveCfg = Debug|Any CPU
		{D768507C-FBBE-4445-99E8-24C35711FEC3}.Debug|Any CPU.Build.0 = Debug|Any CPU
		{D768507C-FBBE-4445-99E8-24C35711FEC3}.Release|Any CPU.ActiveCfg = Release|Any CPU
		{D768507C-FBBE-4445-99E8-24C35711FEC3}.Release|Any CPU.Build.0 = Release|Any CPU
	EndGlobalSection
	GlobalSection(SolutionProperties) = preSolution
		HideSolutionNode = FALSE
	EndGlobalSection
	GlobalSection(ExtensibilityGlobals) = postSolution
		SolutionGuid = {EE5AFED6-21AC-41BF-AC6F-B76ACEB6DB0F}
	EndGlobalSection
EndGlobal
